
Microsoft Visual Studio Solution File, Format Version 12.00
# Visual Studio Version 16
VisualStudioVersion = 16.0.29519.87
MinimumVisualStudioVersion = 10.0.40219.1
Project("{FAE04EC0-301F-11D3-BF4B-00C04F79EFBC}") = "RogueLike", "RogueLike\RogueLike.csproj", "{61674FEF-4DD9-4C12-8D50-9CD4CEF4EE97}"
EndProject
Global
	GlobalSection(SolutionConfigurationPlatforms) = preSolution
		Debug|Any CPU = Debug|Any CPU
		Release|Any CPU = Release|Any CPU
	EndGlobalSection
	GlobalSection(ProjectConfigurationPlatforms) = postSolution
		{61674FEF-4DD9-4C12-8D50-9CD4CEF4EE97}.Debug|Any CPU.ActiveCfg = Debug|Any CPU
		{61674FEF-4DD9-4C12-8D50-9CD4CEF4EE97}.Debug|Any CPU.Build.0 = Debug|Any CPU
		{61674FEF-4DD9-4C12-8D50-9CD4CEF4EE97}.Release|Any CPU.ActiveCfg = Release|Any CPU
		{61674FEF-4DD9-4C12-8D50-9CD4CEF4EE97}.Release|Any CPU.Build.0 = Release|Any CPU
	EndGlobalSection
	GlobalSection(SolutionProperties) = preSolution
		HideSolutionNode = FALSE
	EndGlobalSection
	GlobalSection(ExtensibilityGlobals) = postSolution
		SolutionGuid = {51E7218E-3CBC-4D27-A847-C678DC1F969F}
	EndGlobalSection
EndGlobal
